{
    "_readme": [
        "This file locks the dependencies of your project to a known state",
        "Read more about it at https://getcomposer.org/doc/01-basic-usage.md#installing-dependencies",
        "This file is @generated automatically"
    ],
    "content-hash": "eda5f1eae87e4697e5492155edff9e5e",
    "packages": [
        {
            "name": "beberlei/assert",
            "version": "v2.9.6",
            "source": {
                "type": "git",
                "url": "https://github.com/beberlei/assert.git",
                "reference": "ec9e4cf0b63890edce844ee3922e2b95a526e936"
            },
            "dist": {
                "type": "zip",
                "url": "https://api.github.com/repos/beberlei/assert/zipball/ec9e4cf0b63890edce844ee3922e2b95a526e936",
                "reference": "ec9e4cf0b63890edce844ee3922e2b95a526e936",
                "shasum": ""
            },
            "require": {
                "ext-mbstring": "*",
                "php": ">=5.3"
            },
            "require-dev": {
                "friendsofphp/php-cs-fixer": "^2.1.1",
                "phpunit/phpunit": "^4.8.35|^5.7"
            },
            "type": "library",
            "autoload": {
                "psr-4": {
                    "Assert\\": "lib/Assert"
                },
                "files": [
                    "lib/Assert/functions.php"
                ]
            },
            "notification-url": "https://packagist.org/downloads/",
            "license": [
                "BSD-2-Clause"
            ],
            "authors": [
                {
                    "name": "Benjamin Eberlei",
                    "email": "kontakt@beberlei.de",
                    "role": "Lead Developer"
                },
                {
                    "name": "Richard Quadling",
                    "email": "rquadling@gmail.com",
                    "role": "Collaborator"
                }
            ],
            "description": "Thin assertion library for input validation in business models.",
            "keywords": [
                "assert",
                "assertion",
                "validation"
            ],
            "time": "2018-06-11T17:15:25+00:00"
        },
        {
            "name": "marc-mabe/php-enum",
            "version": "v3.0.1",
            "source": {
                "type": "git",
                "url": "https://github.com/marc-mabe/php-enum.git",
                "reference": "aa94dd121255747539807b0f23778873d9961296"
            },
            "dist": {
                "type": "zip",
                "url": "https://api.github.com/repos/marc-mabe/php-enum/zipball/aa94dd121255747539807b0f23778873d9961296",
                "reference": "aa94dd121255747539807b0f23778873d9961296",
                "shasum": ""
            },
            "require": {
                "ext-reflection": "*",
                "php": ">=5.6"
            },
            "require-dev": {
                "lstrojny/functional-php": "1.2.* || 1.0.*",
                "phpbench/phpbench": "@dev",
                "phpunit/phpunit": "^5.7 || ^6.0"
            },
            "type": "library",
            "extra": {
                "branch-alias": {
                    "dev-master": "3.0-dev",
                    "dev-2.x": "2.3-dev",
                    "dev-1.x": "1.3-dev"
                }
            },
            "autoload": {
                "psr-4": {
                    "MabeEnum\\": "src/"
                }
            },
            "notification-url": "https://packagist.org/downloads/",
            "license": [
                "BSD-3-Clause"
            ],
            "authors": [
                {
                    "name": "Marc Bennewitz",
                    "email": "dev@mabe.berlin",
                    "homepage": "http://mabe.berlin/",
                    "role": "Lead"
                }
            ],
            "description": "Simple and fast implementation of enumerations with native PHP>=5.6",
            "homepage": "https://github.com/marc-mabe/php-enum",
            "keywords": [
                "enum",
                "enum-map",
                "enum-set",
                "enumeration",
                "enumerator",
                "enummap",
                "enumset",
                "map",
                "set",
                "type",
                "type-hint",
                "typehint"
            ],
            "time": "2018-05-22T10:45:45+00:00"
        },
        {
            "name": "paragonie/random_compat",
            "version": "v2.0.17",
            "source": {
                "type": "git",
                "url": "https://github.com/paragonie/random_compat.git",
                "reference": "29af24f25bab834fcbb38ad2a69fa93b867e070d"
            },
            "dist": {
                "type": "zip",
                "url": "https://api.github.com/repos/paragonie/random_compat/zipball/29af24f25bab834fcbb38ad2a69fa93b867e070d",
                "reference": "29af24f25bab834fcbb38ad2a69fa93b867e070d",
                "shasum": ""
            },
            "require": {
                "php": ">=5.2.0"
            },
            "require-dev": {
                "phpunit/phpunit": "4.*|5.*"
            },
            "suggest": {
                "ext-libsodium": "Provides a modern crypto API that can be used to generate random bytes."
            },
            "type": "library",
            "autoload": {
                "files": [
                    "lib/random.php"
                ]
            },
            "notification-url": "https://packagist.org/downloads/",
            "license": [
                "MIT"
            ],
            "authors": [
                {
                    "name": "Paragon Initiative Enterprises",
                    "email": "security@paragonie.com",
                    "homepage": "https://paragonie.com"
                }
            ],
            "description": "PHP 5.x polyfill for random_bytes() and random_int() from PHP 7",
            "keywords": [
                "csprng",
                "polyfill",
                "pseudorandom",
                "random"
            ],
            "time": "2018-07-04T16:31:37+00:00"
        },
        {
            "name": "prooph/common",
            "version": "v4.2.2",
            "source": {
                "type": "git",
                "url": "https://github.com/prooph/common.git",
                "reference": "72cb5c9d48347e75aab6f4eef0d459159b0d1fe1"
            },
            "dist": {
                "type": "zip",
                "url": "https://api.github.com/repos/prooph/common/zipball/72cb5c9d48347e75aab6f4eef0d459159b0d1fe1",
                "reference": "72cb5c9d48347e75aab6f4eef0d459159b0d1fe1",
                "shasum": ""
            },
            "require": {
                "beberlei/assert": "^2.7.1",
                "php": "^7.1.0",
                "ramsey/uuid": "^3.6.0"
            },
            "conflict": {
                "php": "7.1.3"
            },
            "require-dev": {
                "malukenho/docheader": "^0.1.4",
                "phpunit/phpunit": "^6.0",
                "prooph/bookdown-template": "^0.2.3",
                "prooph/php-cs-fixer-config": "^0.2",
                "satooshi/php-coveralls": "^1.0"
            },
            "type": "library",
            "autoload": {
                "psr-4": {
                    "Prooph\\Common\\": "src"
                }
            },
            "notification-url": "https://packagist.org/downloads/",
            "license": [
                "BSD-3-Clause"
            ],
            "authors": [
                {
                    "name": "Sascha-Oliver Prolic",
                    "email": "saschaprolic@googlemail.com"
                },
                {
                    "name": "Alexander Miertsch",
                    "email": "contact@prooph.de",
                    "homepage": "http://www.prooph.de"
                }
            ],
            "description": "Common classes used across prooph packages",
            "homepage": "http://getprooph.org/",
            "keywords": [
                "common",
                "prooph"
            ],
            "time": "2018-03-22T14:14:59+00:00"
        },
        {
            "name": "prooph/event-sourcing",
            "version": "v5.6.0",
            "source": {
                "type": "git",
                "url": "https://github.com/prooph/event-sourcing.git",
                "reference": "9aff23fa6346f638cbd53c175022cbf98066cf90"
            },
            "dist": {
                "type": "zip",
                "url": "https://api.github.com/repos/prooph/event-sourcing/zipball/9aff23fa6346f638cbd53c175022cbf98066cf90",
                "reference": "9aff23fa6346f638cbd53c175022cbf98066cf90",
                "shasum": ""
            },
            "require": {
                "php": "^7.1",
                "prooph/event-store": "^7.0"
            },
            "conflict": {
                "sandrokeil/interop-config": "<2.0.1"
            },
            "require-dev": {
                "malukenho/docheader": "^0.1.4",
                "phpspec/prophecy": "^1.7",
                "phpunit/phpunit": "^6.0",
                "prooph/bookdown-template": "^0.2.3",
                "prooph/php-cs-fixer-config": "^0.2.1",
                "prooph/snapshot-store": "^1.2.0",
                "psr/container": "^1.0",
                "sandrokeil/interop-config": "^2.0.1",
                "satooshi/php-coveralls": "^1.0"
            },
            "suggest": {
                "prooph/snapshot-store": "For usage with snapshots"
            },
            "type": "library",
            "extra": {
                "branch-alias": {
                    "dev-master": "5.1-dev"
                }
            },
            "autoload": {
                "psr-4": {
                    "Prooph\\EventSourcing\\": "src/"
                }
            },
            "notification-url": "https://packagist.org/downloads/",
            "license": [
                "BSD-3-Clause"
            ],
            "authors": [
                {
                    "name": "Sascha-Oliver Prolic",
                    "email": "saschaprolic@googlemail.com"
                },
                {
                    "name": "Alexander Miertsch",
                    "email": "contact@prooph.de",
                    "homepage": "http://www.prooph.de"
                }
            ],
            "description": "PHP EventSourcing library",
            "homepage": "http://getprooph.org/",
            "keywords": [
                "EventSourcing",
                "ddd",
                "prooph"
            ],
            "time": "2018-07-09T15:10:17+00:00"
        },
        {
            "name": "prooph/event-store",
            "version": "v7.3.7",
            "source": {
                "type": "git",
                "url": "https://github.com/prooph/event-store.git",
                "reference": "246eecc6b13adf0b1e88411299899bf207574d42"
            },
            "dist": {
                "type": "zip",
                "url": "https://api.github.com/repos/prooph/event-store/zipball/246eecc6b13adf0b1e88411299899bf207574d42",
                "reference": "246eecc6b13adf0b1e88411299899bf207574d42",
                "shasum": ""
            },
            "require": {
                "marc-mabe/php-enum": "^2.3.1 || ^3.0.0",
                "php": "^7.1",
                "prooph/common": "^4.1.0"
            },
            "conflict": {
                "sandrokeil/interop-config": "<2.0.1"
            },
            "require-dev": {
                "malukenho/docheader": "^0.1.4",
                "phpspec/prophecy": "^1.7",
                "phpunit/php-invoker": "^2.0",
                "phpunit/phpunit": "^7.1.4",
                "prooph/bookdown-template": "^0.2.3",
                "prooph/php-cs-fixer-config": "^0.2.2",
                "psr/container": "^1.0",
                "sandrokeil/interop-config": "^2.0.1",
                "satooshi/php-coveralls": "^1.0"
            },
            "suggest": {
                "prooph/event-sourcing": "Basic functionality for event sourced aggregates",
                "prooph/pdo-event-store": "For usage with MySQL or Postgres as event store",
                "prooph/service-bus": "Message bus facade to connect the event store with messaging systems",
                "psr/container": "^1.0 for usage of provided factories",
                "sandrokeil/interop-config": "For usage of provided factories"
            },
            "type": "library",
            "extra": {
                "branch-alias": {
                    "dev-master": "7.3-dev"
                }
            },
            "autoload": {
                "psr-4": {
                    "Prooph\\EventStore\\": "src/"
                }
            },
            "notification-url": "https://packagist.org/downloads/",
            "license": [
                "BSD-3-Clause"
            ],
            "authors": [
                {
                    "name": "Sascha-Oliver Prolic",
                    "email": "saschaprolic@googlemail.com"
                },
                {
                    "name": "Alexander Miertsch",
                    "email": "contact@prooph.de",
                    "homepage": "http://www.prooph.de"
                }
            ],
            "description": "PHP EventStore Implementation",
            "homepage": "http://getprooph.org/",
            "keywords": [
                "EventSourcing",
                "EventStore",
                "ddd",
                "prooph"
            ],
            "time": "2018-06-12T16:19:14+00:00"
        },
        {
            "name": "prooph/event-store-bus-bridge",
            "version": "v3.2.0",
            "source": {
                "type": "git",
                "url": "https://github.com/prooph/event-store-bus-bridge.git",
                "reference": "bc2067ef9eb0e2ff3079854dc3330f8412d2d318"
            },
            "dist": {
                "type": "zip",
                "url": "https://api.github.com/repos/prooph/event-store-bus-bridge/zipball/bc2067ef9eb0e2ff3079854dc3330f8412d2d318",
                "reference": "bc2067ef9eb0e2ff3079854dc3330f8412d2d318",
                "shasum": ""
            },
            "require": {
                "php": "^7.1",
                "prooph/common": "^4.2.1",
                "prooph/event-store": "^7.3.1",
                "prooph/service-bus": "^6.2"
            },
            "require-dev": {
                "malukenho/docheader": "^0.1.4",
                "phpspec/prophecy": "^1.7",
                "phpunit/phpunit": "^6.0",
                "prooph/bookdown-template": "^0.2.3",
                "prooph/php-cs-fixer-config": "^0.2.1",
                "psr/container": "^1.0",
                "satooshi/php-coveralls": "^1.0"
            },
            "type": "library",
            "extra": {
                "branch-alias": {
                    "dev-master": "3.2-dev"
                }
            },
            "autoload": {
                "psr-4": {
                    "Prooph\\EventStoreBusBridge\\": "src/"
                }
            },
            "notification-url": "https://packagist.org/downloads/",
            "license": [
                "BSD-3-Clause"
            ],
            "authors": [
                {
                    "name": "Sascha-Oliver Prolic",
                    "email": "saschaprolic@googlemail.com"
                },
                {
                    "name": "Alexander Miertsch",
                    "email": "contact@prooph.de",
                    "homepage": "http://www.codeliner.ws/"
                }
            ],
            "description": "Marry CQRS with Event Sourcing",
            "homepage": "http://getprooph.org/",
            "keywords": [
                "EventSourcing",
                "cqrs",
                "prooph"
            ],
            "time": "2018-04-04T16:19:35+00:00"
        },
        {
            "name": "prooph/pdo-event-store",
            "version": "v1.9.0",
            "source": {
                "type": "git",
                "url": "https://github.com/prooph/pdo-event-store.git",
                "reference": "10b5f8e4eb8fed2bf21a654f837aeb8697600198"
            },
            "dist": {
                "type": "zip",
                "url": "https://api.github.com/repos/prooph/pdo-event-store/zipball/10b5f8e4eb8fed2bf21a654f837aeb8697600198",
                "reference": "10b5f8e4eb8fed2bf21a654f837aeb8697600198",
                "shasum": ""
            },
            "require": {
                "php": "^7.1",
                "prooph/event-store": "^7.3.6"
            },
            "conflict": {
                "sandrokeil/interop-config": "<2.0.1"
            },
            "require-dev": {
                "malukenho/docheader": "^0.1.4",
                "phpspec/prophecy": "^1.7",
                "phpunit/php-invoker": "^2.0",
                "phpunit/phpunit": "^7.1.4",
                "prooph/bookdown-template": "^0.2.3",
                "prooph/php-cs-fixer-config": "^0.2.1",
                "psr/container": "^1.0",
                "sandrokeil/interop-config": "^2.0.1",
                "satooshi/php-coveralls": "^1.0"
            },
            "suggest": {
                "ext-pdo_mysql": "For usage with MySQL",
                "ext-pdo_pgsql": "For usage with PostgreSQL",
                "psr/container": "^1.0 for usage of provided factories",
                "sandrokeil/interop-config": "^2.0.1 for usage of provided factories"
            },
            "type": "library",
            "extra": {
                "branch-alias": {
                    "dev-master": "1.7-dev"
                }
            },
            "autoload": {
                "psr-4": {
                    "Prooph\\EventStore\\Pdo\\": "src/"
                }
            },
            "notification-url": "https://packagist.org/downloads/",
            "license": [
                "BSD-3-Clause"
            ],
            "authors": [
                {
                    "name": "Sascha-Oliver Prolic",
                    "email": "saschaprolic@googlemail.com"
                },
                {
                    "name": "Alexander Miertsch",
                    "email": "contact@prooph.de",
                    "homepage": "http://www.prooph.de"
                }
            ],
            "description": "Prooph PDO EventStore",
            "homepage": "http://getprooph.org/",
            "time": "2018-06-29T08:37:28+00:00"
        },
        {
            "name": "prooph/pdo-snapshot-store",
            "version": "v1.5.1",
            "source": {
                "type": "git",
                "url": "https://github.com/prooph/pdo-snapshot-store.git",
                "reference": "d6c1b94b41b18ea1f3cfb20028479a7678cdd652"
            },
            "dist": {
                "type": "zip",
                "url": "https://api.github.com/repos/prooph/pdo-snapshot-store/zipball/d6c1b94b41b18ea1f3cfb20028479a7678cdd652",
                "reference": "d6c1b94b41b18ea1f3cfb20028479a7678cdd652",
                "shasum": ""
            },
            "require": {
                "php": "^7.1",
                "prooph/snapshot-store": "^1.1"
            },
            "conflict": {
                "sandrokeil/interop-config": "<2.0.1"
            },
            "require-dev": {
                "malukenho/docheader": "^0.1.4",
                "phpspec/prophecy": "^1.7",
                "phpunit/phpunit": "^6.0",
                "prooph/bookdown-template": "^0.2.3",
                "prooph/php-cs-fixer-config": "^0.2.1",
                "psr/container": "^1.0",
                "sandrokeil/interop-config": "^2.0.1",
                "satooshi/php-coveralls": "^1.0",
                "sebastian/comparator": "^1.2.2"
            },
            "suggest": {
                "prooph/pdo-event-store": "^1.0 For usage with MySQL or Postgres as event store",
                "prooph/snapshotter": "^2.0 Taking snapshots with ease",
                "psr/container": "^1.0 for usage of provided factories",
                "sandrokeil/interop-config": "^2.0.1 for usage of provided factories"
            },
            "type": "library",
            "extra": {
                "branch-alias": {
                    "dev-master": "1.1-dev"
                }
            },
            "autoload": {
                "psr-4": {
                    "Prooph\\SnapshotStore\\Pdo\\": "src/"
                }
            },
            "notification-url": "https://packagist.org/downloads/",
            "license": [
                "BSD-3-Clause"
            ],
            "authors": [
                {
                    "name": "Sascha-Oliver Prolic",
                    "email": "saschaprolic@googlemail.com"
                },
                {
                    "name": "Alexander Miertsch",
                    "email": "contact@prooph.de",
                    "homepage": "http://www.prooph.de"
                }
            ],
            "description": "PDO Snapshot Store Implementation",
            "homepage": "http://getprooph.org/",
            "keywords": [
                "EventSourcing",
                "EventStore",
                "ddd",
                "prooph"
            ],
            "time": "2018-05-16T10:14:32+00:00"
        },
        {
            "name": "prooph/service-bus",
            "version": "v6.2.2",
            "source": {
                "type": "git",
                "url": "https://github.com/prooph/service-bus.git",
                "reference": "4b6f1ded5039cf939591990ae94302a039aca67e"
            },
            "dist": {
                "type": "zip",
                "url": "https://api.github.com/repos/prooph/service-bus/zipball/4b6f1ded5039cf939591990ae94302a039aca67e",
                "reference": "4b6f1ded5039cf939591990ae94302a039aca67e",
                "shasum": ""
            },
            "require": {
                "php": "^7.1",
                "prooph/common": "^4.0.0"
            },
            "conflict": {
                "sandrokeil/interop-config": "<2.0.1"
            },
            "require-dev": {
                "malukenho/docheader": "^0.1.4",
                "phpspec/prophecy": "^1.7",
                "phpunit/phpunit": "^6.0",
                "prooph/bookdown-template": "^0.2.3",
                "prooph/php-cs-fixer-config": "^0.2.1",
                "psr/container": "^1.0",
                "react/promise": "^2.4.1",
                "sandrokeil/interop-config": "^2.0.1",
                "satooshi/php-coveralls": "^1.0"
            },
            "suggest": {
                "prooph/event-store-bus-bridge": "Let the EventBus dispatch persisted DomainEvents",
                "prooph/service-bus-zfc-rbac-bridge": "Use ZfcRbac as authorization service for route and finalize guard",
                "psr/container": "^1.0 for usage of provided factories",
                "react/promise": "^2.4.1 for usage with provided QueryBus",
                "sandrokeil/interop-config": "For usage of provided factories",
                "zendframework/zend-servicemanager": "Use Zend ServiceManager to lazy load your handlers and listeners"
            },
            "type": "library",
            "autoload": {
                "psr-4": {
                    "Prooph\\ServiceBus\\": "src/"
                }
            },
            "notification-url": "https://packagist.org/downloads/",
            "license": [
                "BSD-3-Clause"
            ],
            "authors": [
                {
                    "name": "Sascha-Oliver Prolic",
                    "email": "saschaprolic@googlemail.com"
                },
                {
                    "name": "Alexander Miertsch",
                    "email": "contact@prooph.de",
                    "homepage": "http://www.prooph.de"
                }
            ],
            "description": "PHP Enterprise Service Bus Implementation supporting CQRS and DDD",
            "homepage": "http://getprooph.org/",
            "keywords": [
                "cqrs",
                "ddd",
                "messaging",
                "prooph"
            ],
            "time": "2018-02-07T12:51:24+00:00"
        },
        {
            "name": "prooph/snapshot-store",
            "version": "v1.3.0",
            "source": {
                "type": "git",
                "url": "https://github.com/prooph/snapshot-store.git",
                "reference": "54711be95a89400d234cf57a3745ab8fdee5dbf2"
            },
            "dist": {
                "type": "zip",
                "url": "https://api.github.com/repos/prooph/snapshot-store/zipball/54711be95a89400d234cf57a3745ab8fdee5dbf2",
                "reference": "54711be95a89400d234cf57a3745ab8fdee5dbf2",
                "shasum": ""
            },
            "require": {
                "php": "^7.1",
                "prooph/common": "^4.1"
            },
            "require-dev": {
                "malukenho/docheader": "^0.1.4",
                "phpspec/prophecy": "^1.7",
                "phpunit/phpunit": "^6.0",
                "prooph/bookdown-template": "^0.2.3",
                "prooph/php-cs-fixer-config": "^0.2.1",
                "psr/container": "^1.0",
                "sandrokeil/interop-config": "^2.0.1",
                "satooshi/php-coveralls": "^1.0"
            },
            "suggest": {
                "sandrokeil/interop-config": "^2.0.1 for usage of provided factories"
            },
            "type": "library",
            "extra": {
                "branch-alias": {
                    "dev-master": "1.2-dev"
                }
            },
            "autoload": {
                "psr-4": {
                    "Prooph\\SnapshotStore\\": "src/"
                }
            },
            "notification-url": "https://packagist.org/downloads/",
            "license": [
                "BSD-3-Clause"
            ],
            "authors": [
                {
                    "name": "Sascha-Oliver Prolic",
                    "email": "saschaprolic@googlemail.com"
                },
                {
                    "name": "Alexander Miertsch",
                    "email": "contact@prooph.de",
                    "homepage": "http://www.prooph.de"
                }
            ],
            "description": "Prooph Snapshot Store",
            "homepage": "http://getprooph.org/",
            "keywords": [
                "EventSourcing",
                "ddd",
                "prooph"
            ],
            "time": "2017-12-17T14:15:41+00:00"
        },
        {
            "name": "prooph/snapshotter",
            "version": "v2.1.0",
            "source": {
                "type": "git",
                "url": "https://github.com/prooph/snapshotter.git",
                "reference": "ea32407c104da9dd191321133beaa6bdba49ed9e"
            },
            "dist": {
                "type": "zip",
                "url": "https://api.github.com/repos/prooph/snapshotter/zipball/ea32407c104da9dd191321133beaa6bdba49ed9e",
                "reference": "ea32407c104da9dd191321133beaa6bdba49ed9e",
                "shasum": ""
            },
            "require": {
                "php": "^7.1",
                "prooph/event-sourcing": "^5.0",
                "prooph/event-store": "^7.0",
                "prooph/snapshot-store": "^1.0"
            },
            "require-dev": {
                "malukenho/docheader": "^0.1.4",
                "phpspec/prophecy": "^1.7",
                "phpunit/phpunit": "^6.0",
                "prooph/bookdown-template": "^0.2.3",
                "prooph/php-cs-fixer-config": "^0.2.1",
                "satooshi/php-coveralls": "^1.0"
            },
            "suggest": {
                "prooph/mongodb-snapshot-store": "^1.0 for MongoDB as Snapshot Store",
                "prooph/pdo-snapshot-store": "^1.0 for PDO as Snapshot Store"
            },
            "type": "library",
            "extra": {
                "branch-alias": {
                    "dev-develop": "2.2-dev"
                }
            },
            "autoload": {
                "psr-4": {
                    "Prooph\\Snapshotter\\": "src"
                }
            },
            "notification-url": "https://packagist.org/downloads/",
            "license": [
                "BSD-3-Clause"
            ],
            "authors": [
                {
                    "name": "Sascha-Oliver Prolic",
                    "email": "saschaprolic@googlemail.com"
                },
                {
                    "name": "Alexander Miertsch",
                    "email": "contact@prooph.de",
                    "homepage": "http://www.prooph.de"
                }
            ],
            "description": "snapshot tool for prooph event-store",
            "homepage": "http://getprooph.org/",
            "keywords": [
                "ddd",
                "event-sourcing",
                "event-store",
                "prooph",
                "snapshot"
            ],
            "time": "2017-12-15T15:04:31+00:00"
        },
        {
            "name": "ramsey/uuid",
            "version": "3.7.3",
            "source": {
                "type": "git",
                "url": "https://github.com/ramsey/uuid.git",
                "reference": "44abcdad877d9a46685a3a4d221e3b2c4b87cb76"
            },
            "dist": {
                "type": "zip",
                "url": "https://api.github.com/repos/ramsey/uuid/zipball/44abcdad877d9a46685a3a4d221e3b2c4b87cb76",
                "reference": "44abcdad877d9a46685a3a4d221e3b2c4b87cb76",
                "shasum": ""
            },
            "require": {
                "paragonie/random_compat": "^1.0|^2.0",
                "php": "^5.4 || ^7.0"
            },
            "replace": {
                "rhumsaa/uuid": "self.version"
            },
            "require-dev": {
                "codeception/aspect-mock": "^1.0 | ~2.0.0",
                "doctrine/annotations": "~1.2.0",
                "goaop/framework": "1.0.0-alpha.2 | ^1.0 | ^2.1",
                "ircmaxell/random-lib": "^1.1",
                "jakub-onderka/php-parallel-lint": "^0.9.0",
                "mockery/mockery": "^0.9.9",
                "moontoast/math": "^1.1",
                "php-mock/php-mock-phpunit": "^0.3|^1.1",
                "phpunit/phpunit": "^4.7|^5.0",
                "squizlabs/php_codesniffer": "^2.3"
            },
            "suggest": {
                "ext-libsodium": "Provides the PECL libsodium extension for use with the SodiumRandomGenerator",
                "ext-uuid": "Provides the PECL UUID extension for use with the PeclUuidTimeGenerator and PeclUuidRandomGenerator",
                "ircmaxell/random-lib": "Provides RandomLib for use with the RandomLibAdapter",
                "moontoast/math": "Provides support for converting UUID to 128-bit integer (in string form).",
                "ramsey/uuid-console": "A console application for generating UUIDs with ramsey/uuid",
                "ramsey/uuid-doctrine": "Allows the use of Ramsey\\Uuid\\Uuid as Doctrine field type."
            },
            "type": "library",
            "extra": {
                "branch-alias": {
                    "dev-master": "3.x-dev"
                }
            },
            "autoload": {
                "psr-4": {
                    "Ramsey\\Uuid\\": "src/"
                }
            },
            "notification-url": "https://packagist.org/downloads/",
            "license": [
                "MIT"
            ],
            "authors": [
                {
                    "name": "Marijn Huizendveld",
                    "email": "marijn.huizendveld@gmail.com"
                },
                {
                    "name": "Thibaud Fabre",
                    "email": "thibaud@aztech.io"
                },
                {
                    "name": "Ben Ramsey",
                    "email": "ben@benramsey.com",
                    "homepage": "https://benramsey.com"
                }
            ],
            "description": "Formerly rhumsaa/uuid. A PHP 5.4+ library for generating RFC 4122 version 1, 3, 4, and 5 universally unique identifiers (UUID).",
            "homepage": "https://github.com/ramsey/uuid",
            "keywords": [
                "guid",
                "identifier",
                "uuid"
            ],
            "time": "2018-01-20T00:28:24+00:00"
        }
    ],
    "packages-dev": [],
    "aliases": [],
    "minimum-stability": "stable",
    "stability-flags": [],
    "prefer-stable": false,
    "prefer-lowest": false,
    "platform": [],
    "platform-dev": []
}
